// !$*UTF8*$!
{
	archiveVersion = 1;
	classes = {
	};
	objectVersion = 50;
	objects = {

/* Begin PBXBuildFile section */
		D95902F9262ECEB500CC15FA /* icu4c_demoApp.swift in Sources */ = {isa = PBXBuildFile; fileRef = D95902E6262ECEB200CC15FA /* icu4c_demoApp.swift */; };
		D95902FA262ECEB500CC15FA /* icu4c_demoApp.swift in Sources */ = {isa = PBXBuildFile; fileRef = D95902E6262ECEB200CC15FA /* icu4c_demoApp.swift */; };
		D95902FB262ECEB500CC15FA /* ContentView.swift in Sources */ = {isa = PBXBuildFile; fileRef = D95902E7262ECEB200CC15FA /* ContentView.swift */; };
		D95902FC262ECEB500CC15FA /* ContentView.swift in Sources */ = {isa = PBXBuildFile; fileRef = D95902E7262ECEB200CC15FA /* ContentView.swift */; };
		D95902FD262ECEB500CC15FA /* Assets.xcassets in Resources */ = {isa = PBXBuildFile; fileRef = D95902E8262ECEB500CC15FA /* Assets.xcassets */; };
		D95902FE262ECEB500CC15FA /* Assets.xcassets in Resources */ = {isa = PBXBuildFile; fileRef = D95902E8262ECEB500CC15FA /* Assets.xcassets */; };
		D9590313262ECF7C00CC15FA /* icu4c_demoTests.swift in Sources */ = {isa = PBXBuildFile; fileRef = D9590312262ECF7C00CC15FA /* icu4c_demoTests.swift */; };
		D9590321262ED00300CC15FA /* icu4cfuncs.cpp in Sources */ = {isa = PBXBuildFile; fileRef = D959031F262ED00300CC15FA /* icu4cfuncs.cpp */; };
		D9590322262ED00300CC15FA /* icu4cfuncs.cpp in Sources */ = {isa = PBXBuildFile; fileRef = D959031F262ED00300CC15FA /* icu4cfuncs.cpp */; };
		D9590327262ED03800CC15FA /* icufuncs.swift in Sources */ = {isa = PBXBuildFile; fileRef = D9590326262ED03800CC15FA /* icufuncs.swift */; };
		D9590328262ED03800CC15FA /* icufuncs.swift in Sources */ = {isa = PBXBuildFile; fileRef = D9590326262ED03800CC15FA /* icufuncs.swift */; };
/* End PBXBuildFile section */

/* Begin PBXContainerItemProxy section */
		D9590315262ECF7C00CC15FA /* PBXContainerItemProxy */ = {
			isa = PBXContainerItemProxy;
			containerPortal = D95902E1262ECEB200CC15FA /* Project object */;
			proxyType = 1;
			remoteGlobalIDString = D95902F4262ECEB500CC15FA;
			remoteInfo = "icu4c-demo (macOS)";
		};
/* End PBXContainerItemProxy section */

/* Begin PBXFileReference section */
		D95902E6262ECEB200CC15FA /* icu4c_demoApp.swift */ = {isa = PBXFileReference; lastKnownFileType = sourcecode.swift; path = icu4c_demoApp.swift; sourceTree = "<group>"; };
		D95902E7262ECEB200CC15FA /* ContentView.swift */ = {isa = PBXFileReference; lastKnownFileType = sourcecode.swift; path = ContentView.swift; sourceTree = "<group>"; };
		D95902E8262ECEB500CC15FA /* Assets.xcassets */ = {isa = PBXFileReference; lastKnownFileType = folder.assetcatalog; path = Assets.xcassets; sourceTree = "<group>"; };
		D95902ED262ECEB500CC15FA /* icu4c-demo.app */ = {isa = PBXFileReference; explicitFileType = wrapper.application; includeInIndex = 0; path = "icu4c-demo.app"; sourceTree = BUILT_PRODUCTS_DIR; };
		D95902F0262ECEB500CC15FA /* Info.plist */ = {isa = PBXFileReference; lastKnownFileType = text.plist.xml; path = Info.plist; sourceTree = "<group>"; };
		D95902F5262ECEB500CC15FA /* icu4c-demo.app */ = {isa = PBXFileReference; explicitFileType = wrapper.application; includeInIndex = 0; path = "icu4c-demo.app"; sourceTree = BUILT_PRODUCTS_DIR; };
		D95902F7262ECEB500CC15FA /* Info.plist */ = {isa = PBXFileReference; lastKnownFileType = text.plist.xml; path = Info.plist; sourceTree = "<group>"; };
		D95902F8262ECEB500CC15FA /* macOS.entitlements */ = {isa = PBXFileReference; lastKnownFileType = text.plist.entitlements; path = macOS.entitlements; sourceTree = "<group>"; };
		D9590309262ECEE700CC15FA /* icu4c-demo.entitlements */ = {isa = PBXFileReference; lastKnownFileType = text.plist.entitlements; path = "icu4c-demo.entitlements"; sourceTree = "<group>"; };
		D9590310262ECF7C00CC15FA /* icu4c-demoTests.xctest */ = {isa = PBXFileReference; explicitFileType = wrapper.cfbundle; includeInIndex = 0; path = "icu4c-demoTests.xctest"; sourceTree = BUILT_PRODUCTS_DIR; };
		D9590312262ECF7C00CC15FA /* icu4c_demoTests.swift */ = {isa = PBXFileReference; lastKnownFileType = sourcecode.swift; path = icu4c_demoTests.swift; sourceTree = "<group>"; };
		D9590314262ECF7C00CC15FA /* Info.plist */ = {isa = PBXFileReference; lastKnownFileType = text.plist.xml; path = Info.plist; sourceTree = "<group>"; };
		D959031D262ED00200CC15FA /* icu4c-demo (iOS)-Bridging-Header.h */ = {isa = PBXFileReference; lastKnownFileType = sourcecode.c.h; path = "icu4c-demo (iOS)-Bridging-Header.h"; sourceTree = "<group>"; };
		D959031E262ED00200CC15FA /* icu4c-demo (macOS)-Bridging-Header.h */ = {isa = PBXFileReference; lastKnownFileType = sourcecode.c.h; path = "icu4c-demo (macOS)-Bridging-Header.h"; sourceTree = "<group>"; };
		D959031F262ED00300CC15FA /* icu4cfuncs.cpp */ = {isa = PBXFileReference; lastKnownFileType = sourcecode.cpp.cpp; path = icu4cfuncs.cpp; sourceTree = "<group>"; };
		D9590320262ED00300CC15FA /* icu4cfuncs.hpp */ = {isa = PBXFileReference; lastKnownFileType = sourcecode.cpp.h; path = icu4cfuncs.hpp; sourceTree = "<group>"; };
		D9590326262ED03800CC15FA /* icufuncs.swift */ = {isa = PBXFileReference; lastKnownFileType = sourcecode.swift; path = icufuncs.swift; sourceTree = "<group>"; };
/* End PBXFileReference section */

/* Begin PBXFrameworksBuildPhase section */
		D95902EA262ECEB500CC15FA /* Frameworks */ = {
			isa = PBXFrameworksBuildPhase;
			buildActionMask = 2147483647;
			files = (
			);
			runOnlyForDeploymentPostprocessing = 0;
		};
		D95902F2262ECEB500CC15FA /* Frameworks */ = {
			isa = PBXFrameworksBuildPhase;
			buildActionMask = 2147483647;
			files = (
			);
			runOnlyForDeploymentPostprocessing = 0;
		};
		D959030D262ECF7C00CC15FA /* Frameworks */ = {
			isa = PBXFrameworksBuildPhase;
			buildActionMask = 2147483647;
			files = (
			);
			runOnlyForDeploymentPostprocessing = 0;
		};
/* End PBXFrameworksBuildPhase section */

/* Begin PBXGroup section */
		D95902E0262ECEB200CC15FA = {
			isa = PBXGroup;
			children = (
				D9590309262ECEE700CC15FA /* icu4c-demo.entitlements */,
				D95902E5262ECEB200CC15FA /* Shared */,
				D95902EF262ECEB500CC15FA /* iOS */,
				D95902F6262ECEB500CC15FA /* macOS */,
				D9590311262ECF7C00CC15FA /* icu4c-demoTests */,
				D95902EE262ECEB500CC15FA /* Products */,
			);
			sourceTree = "<group>";
		};
		D95902E5262ECEB200CC15FA /* Shared */ = {
			isa = PBXGroup;
			children = (
				D95902E6262ECEB200CC15FA /* icu4c_demoApp.swift */,
				D95902E7262ECEB200CC15FA /* ContentView.swift */,
				D95902E8262ECEB500CC15FA /* Assets.xcassets */,
				D959031F262ED00300CC15FA /* icu4cfuncs.cpp */,
				D9590320262ED00300CC15FA /* icu4cfuncs.hpp */,
				D959031D262ED00200CC15FA /* icu4c-demo (iOS)-Bridging-Header.h */,
				D959031E262ED00200CC15FA /* icu4c-demo (macOS)-Bridging-Header.h */,
				D9590326262ED03800CC15FA /* icufuncs.swift */,
			);
			path = Shared;
			sourceTree = "<group>";
		};
		D95902EE262ECEB500CC15FA /* Products */ = {
			isa = PBXGroup;
			children = (
				D95902ED262ECEB500CC15FA /* icu4c-demo.app */,
				D95902F5262ECEB500CC15FA /* icu4c-demo.app */,
				D9590310262ECF7C00CC15FA /* icu4c-demoTests.xctest */,
			);
			name = Products;
			sourceTree = "<group>";
		};
		D95902EF262ECEB500CC15FA /* iOS */ = {
			isa = PBXGroup;
			children = (
				D95902F0262ECEB500CC15FA /* Info.plist */,
			);
			path = iOS;
			sourceTree = "<group>";
		};
		D95902F6262ECEB500CC15FA /* macOS */ = {
			isa = PBXGroup;
			children = (
				D95902F7262ECEB500CC15FA /* Info.plist */,
				D95902F8262ECEB500CC15FA /* macOS.entitlements */,
			);
			path = macOS;
			sourceTree = "<group>";
		};
		D9590311262ECF7C00CC15FA /* icu4c-demoTests */ = {
			isa = PBXGroup;
			children = (
				D9590312262ECF7C00CC15FA /* icu4c_demoTests.swift */,
				D9590314262ECF7C00CC15FA /* Info.plist */,
			);
			path = "icu4c-demoTests";
			sourceTree = "<group>";
		};
/* End PBXGroup section */

/* Begin PBXNativeTarget section */
		D95902EC262ECEB500CC15FA /* icu4c-demo (iOS) */ = {
			isa = PBXNativeTarget;
			buildConfigurationList = D9590301262ECEB500CC15FA /* Build configuration list for PBXNativeTarget "icu4c-demo (iOS)" */;
			buildPhases = (
				D95902E9262ECEB500CC15FA /* Sources */,
				D95902EA262ECEB500CC15FA /* Frameworks */,
				D95902EB262ECEB500CC15FA /* Resources */,
			);
			buildRules = (
			);
			dependencies = (
			);
			name = "icu4c-demo (iOS)";
			productName = "icu4c-demo (iOS)";
			productReference = D95902ED262ECEB500CC15FA /* icu4c-demo.app */;
			productType = "com.apple.product-type.application";
		};
		D95902F4262ECEB500CC15FA /* icu4c-demo (macOS) */ = {
			isa = PBXNativeTarget;
			buildConfigurationList = D9590304262ECEB500CC15FA /* Build configuration list for PBXNativeTarget "icu4c-demo (macOS)" */;
			buildPhases = (
				D95902F1262ECEB500CC15FA /* Sources */,
				D95902F2262ECEB500CC15FA /* Frameworks */,
				D95902F3262ECEB500CC15FA /* Resources */,
			);
			buildRules = (
			);
			dependencies = (
			);
			name = "icu4c-demo (macOS)";
			productName = "icu4c-demo (macOS)";
			productReference = D95902F5262ECEB500CC15FA /* icu4c-demo.app */;
			productType = "com.apple.product-type.application";
		};
		D959030F262ECF7C00CC15FA /* icu4c-demoTests */ = {
			isa = PBXNativeTarget;
			buildConfigurationList = D9590317262ECF7C00CC15FA /* Build configuration list for PBXNativeTarget "icu4c-demoTests" */;
			buildPhases = (
				D959030C262ECF7C00CC15FA /* Sources */,
				D959030D262ECF7C00CC15FA /* Frameworks */,
				D959030E262ECF7C00CC15FA /* Resources */,
			);
			buildRules = (
			);
			dependencies = (
				D9590316262ECF7C00CC15FA /* PBXTargetDependency */,
			);
			name = "icu4c-demoTests";
			productName = "icu4c-demoTests";
			productReference = D9590310262ECF7C00CC15FA /* icu4c-demoTests.xctest */;
			productType = "com.apple.product-type.bundle.unit-test";
		};
/* End PBXNativeTarget section */

/* Begin PBXProject section */
		D95902E1262ECEB200CC15FA /* Project object */ = {
			isa = PBXProject;
			attributes = {
				LastSwiftUpdateCheck = 1240;
				LastUpgradeCheck = 1240;
				TargetAttributes = {
					D95902EC262ECEB500CC15FA = {
						CreatedOnToolsVersion = 12.4;
						LastSwiftMigration = 1240;
					};
					D95902F4262ECEB500CC15FA = {
						CreatedOnToolsVersion = 12.4;
						LastSwiftMigration = 1240;
					};
					D959030F262ECF7C00CC15FA = {
						CreatedOnToolsVersion = 12.4;
						TestTargetID = D95902F4262ECEB500CC15FA;
					};
				};
			};
			buildConfigurationList = D95902E4262ECEB200CC15FA /* Build configuration list for PBXProject "icu4c-demo" */;
			compatibilityVersion = "Xcode 9.3";
			developmentRegion = en;
			hasScannedForEncodings = 0;
			knownRegions = (
				en,
				Base,
			);
			mainGroup = D95902E0262ECEB200CC15FA;
			productRefGroup = D95902EE262ECEB500CC15FA /* Products */;
			projectDirPath = "";
			projectRoot = "";
			targets = (
				D95902EC262ECEB500CC15FA /* icu4c-demo (iOS) */,
				D95902F4262ECEB500CC15FA /* icu4c-demo (macOS) */,
				D959030F262ECF7C00CC15FA /* icu4c-demoTests */,
			);
		};
/* End PBXProject section */

/* Begin PBXResourcesBuildPhase section */
		D95902EB262ECEB500CC15FA /* Resources */ = {
			isa = PBXResourcesBuildPhase;
			buildActionMask = 2147483647;
			files = (
				D95902FD262ECEB500CC15FA /* Assets.xcassets in Resources */,
			);
			runOnlyForDeploymentPostprocessing = 0;
		};
		D95902F3262ECEB500CC15FA /* Resources */ = {
			isa = PBXResourcesBuildPhase;
			buildActionMask = 2147483647;
			files = (
				D95902FE262ECEB500CC15FA /* Assets.xcassets in Resources */,
			);
			runOnlyForDeploymentPostprocessing = 0;
		};
		D959030E262ECF7C00CC15FA /* Resources */ = {
			isa = PBXResourcesBuildPhase;
			buildActionMask = 2147483647;
			files = (
			);
			runOnlyForDeploymentPostprocessing = 0;
		};
/* End PBXResourcesBuildPhase section */

/* Begin PBXSourcesBuildPhase section */
		D95902E9262ECEB500CC15FA /* Sources */ = {
			isa = PBXSourcesBuildPhase;
			buildActionMask = 2147483647;
			files = (
				D95902FB262ECEB500CC15FA /* ContentView.swift in Sources */,
				D9590327262ED03800CC15FA /* icufuncs.swift in Sources */,
				D95902F9262ECEB500CC15FA /* icu4c_demoApp.swift in Sources */,
				D9590321262ED00300CC15FA /* icu4cfuncs.cpp in Sources */,
			);
			runOnlyForDeploymentPostprocessing = 0;
		};
		D95902F1262ECEB500CC15FA /* Sources */ = {
			isa = PBXSourcesBuildPhase;
			buildActionMask = 2147483647;
			files = (
				D95902FC262ECEB500CC15FA /* ContentView.swift in Sources */,
				D9590328262ED03800CC15FA /* icufuncs.swift in Sources */,
				D95902FA262ECEB500CC15FA /* icu4c_demoApp.swift in Sources */,
				D9590322262ED00300CC15FA /* icu4cfuncs.cpp in Sources */,
			);
			runOnlyForDeploymentPostprocessing = 0;
		};
		D959030C262ECF7C00CC15FA /* Sources */ = {
			isa = PBXSourcesBuildPhase;
			buildActionMask = 2147483647;
			files = (
				D9590313262ECF7C00CC15FA /* icu4c_demoTests.swift in Sources */,
			);
			runOnlyForDeploymentPostprocessing = 0;
		};
/* End PBXSourcesBuildPhase section */

/* Begin PBXTargetDependency section */
		D9590316262ECF7C00CC15FA /* PBXTargetDependency */ = {
			isa = PBXTargetDependency;
			target = D95902F4262ECEB500CC15FA /* icu4c-demo (macOS) */;
			targetProxy = D9590315262ECF7C00CC15FA /* PBXContainerItemProxy */;
		};
/* End PBXTargetDependency section */

/* Begin XCBuildConfiguration section */
		D95902FF262ECEB500CC15FA /* Debug */ = {
			isa = XCBuildConfiguration;
			buildSettings = {
				ALWAYS_SEARCH_USER_PATHS = NO;
				CLANG_ANALYZER_NONNULL = YES;
				CLANG_ANALYZER_NUMBER_OBJECT_CONVERSION = YES_AGGRESSIVE;
				CLANG_CXX_LANGUAGE_STANDARD = "c++17";
				CLANG_CXX_LIBRARY = "libc++";
				CLANG_ENABLE_MODULES = YES;
				CLANG_ENABLE_OBJC_ARC = YES;
				CLANG_ENABLE_OBJC_WEAK = YES;
				CLANG_WARN_BLOCK_CAPTURE_AUTORELEASING = YES;
				CLANG_WARN_BOOL_CONVERSION = YES;
				CLANG_WARN_COMMA = YES;
				CLANG_WARN_CONSTANT_CONVERSION = YES;
				CLANG_WARN_DEPRECATED_OBJC_IMPLEMENTATIONS = YES;
				CLANG_WARN_DIRECT_OBJC_ISA_USAGE = YES_ERROR;
				CLANG_WARN_DOCUMENTATION_COMMENTS = YES;
				CLANG_WARN_EMPTY_BODY = YES;
				CLANG_WARN_ENUM_CONVERSION = YES;
				CLANG_WARN_INFINITE_RECURSION = YES;
				CLANG_WARN_INT_CONVERSION = YES;
				CLANG_WARN_NON_LITERAL_NULL_CONVERSION = YES;
				CLANG_WARN_OBJC_IMPLICIT_RETAIN_SELF = YES;
				CLANG_WARN_OBJC_LITERAL_CONVERSION = YES;
				CLANG_WARN_OBJC_ROOT_CLASS = YES_ERROR;
				CLANG_WARN_QUOTED_INCLUDE_IN_FRAMEWORK_HEADER = YES;
				CLANG_WARN_RANGE_LOOP_ANALYSIS = YES;
				CLANG_WARN_STRICT_PROTOTYPES = YES;
				CLANG_WARN_SUSPICIOUS_MOVE = YES;
				CLANG_WARN_UNGUARDED_AVAILABILITY = YES_AGGRESSIVE;
				CLANG_WARN_UNREACHABLE_CODE = YES;
				CLANG_WARN__DUPLICATE_METHOD_MATCH = YES;
				COPY_PHASE_STRIP = NO;
				DEBUG_INFORMATION_FORMAT = dwarf;
				ENABLE_STRICT_OBJC_MSGSEND = YES;
				ENABLE_TESTABILITY = YES;
				GCC_C_LANGUAGE_STANDARD = gnu11;
				GCC_DYNAMIC_NO_PIC = NO;
				GCC_NO_COMMON_BLOCKS = YES;
				GCC_OPTIMIZATION_LEVEL = 0;
				GCC_PREPROCESSOR_DEFINITIONS = (
					"DEBUG=1",
					"$(inherited)",
				);
				GCC_WARN_64_TO_32_BIT_CONVERSION = YES;
				GCC_WARN_ABOUT_RETURN_TYPE = YES_ERROR;
				GCC_WARN_UNDECLARED_SELECTOR = YES;
				GCC_WARN_UNINITIALIZED_AUTOS = YES_AGGRESSIVE;
				GCC_WARN_UNUSED_FUNCTION = YES;
				GCC_WARN_UNUSED_VARIABLE = YES;
				MTL_ENABLE_DEBUG_INFO = INCLUDE_SOURCE;
				MTL_FAST_MATH = YES;
				ONLY_ACTIVE_ARCH = YES;
				SWIFT_ACTIVE_COMPILATION_CONDITIONS = DEBUG;
				SWIFT_OPTIMIZATION_LEVEL = "-Onone";
			};
			name = Debug;
		};
		D9590300262ECEB500CC15FA /* Release */ = {
			isa = XCBuildConfiguration;
			buildSettings = {
				ALWAYS_SEARCH_USER_PATHS = NO;
				CLANG_ANALYZER_NONNULL = YES;
				CLANG_ANALYZER_NUMBER_OBJECT_CONVERSION = YES_AGGRESSIVE;
				CLANG_CXX_LANGUAGE_STANDARD = "c++17";
				CLANG_CXX_LIBRARY = "libc++";
				CLANG_ENABLE_MODULES = YES;
				CLANG_ENABLE_OBJC_ARC = YES;
				CLANG_ENABLE_OBJC_WEAK = YES;
				CLANG_WARN_BLOCK_CAPTURE_AUTORELEASING = YES;
				CLANG_WARN_BOOL_CONVERSION = YES;
				CLANG_WARN_COMMA = YES;
				CLANG_WARN_CONSTANT_CONVERSION = YES;
				CLANG_WARN_DEPRECATED_OBJC_IMPLEMENTATIONS = YES;
				CLANG_WARN_DIRECT_OBJC_ISA_USAGE = YES_ERROR;
				CLANG_WARN_DOCUMENTATION_COMMENTS = YES;
				CLANG_WARN_EMPTY_BODY = YES;
				CLANG_WARN_ENUM_CONVERSION = YES;
				CLANG_WARN_INFINITE_RECURSION = YES;
				CLANG_WARN_INT_CONVERSION = YES;
				CLANG_WARN_NON_LITERAL_NULL_CONVERSION = YES;
				CLANG_WARN_OBJC_IMPLICIT_RETAIN_SELF = YES;
				CLANG_WARN_OBJC_LITERAL_CONVERSION = YES;
				CLANG_WARN_OBJC_ROOT_CLASS = YES_ERROR;
				CLANG_WARN_QUOTED_INCLUDE_IN_FRAMEWORK_HEADER = YES;
				CLANG_WARN_RANGE_LOOP_ANALYSIS = YES;
				CLANG_WARN_STRICT_PROTOTYPES = YES;
				CLANG_WARN_SUSPICIOUS_MOVE = YES;
				CLANG_WARN_UNGUARDED_AVAILABILITY = YES_AGGRESSIVE;
				CLANG_WARN_UNREACHABLE_CODE = YES;
				CLANG_WARN__DUPLICATE_METHOD_MATCH = YES;
				COPY_PHASE_STRIP = NO;
				DEBUG_INFORMATION_FORMAT = "dwarf-with-dsym";
				ENABLE_NS_ASSERTIONS = NO;
				ENABLE_STRICT_OBJC_MSGSEND = YES;
				GCC_C_LANGUAGE_STANDARD = gnu11;
				GCC_NO_COMMON_BLOCKS = YES;
				GCC_WARN_64_TO_32_BIT_CONVERSION = YES;
				GCC_WARN_ABOUT_RETURN_TYPE = YES_ERROR;
				GCC_WARN_UNDECLARED_SELECTOR = YES;
				GCC_WARN_UNINITIALIZED_AUTOS = YES_AGGRESSIVE;
				GCC_WARN_UNUSED_FUNCTION = YES;
				GCC_WARN_UNUSED_VARIABLE = YES;
				MTL_ENABLE_DEBUG_INFO = NO;
				MTL_FAST_MATH = YES;
				SWIFT_COMPILATION_MODE = wholemodule;
				SWIFT_OPTIMIZATION_LEVEL = "-O";
			};
			name = Release;
		};
		D9590302262ECEB500CC15FA /* Debug */ = {
			isa = XCBuildConfiguration;
			buildSettings = {
				ASSETCATALOG_COMPILER_APPICON_NAME = AppIcon;
				ASSETCATALOG_COMPILER_GLOBAL_ACCENT_COLOR_NAME = AccentColor;
				CLANG_ENABLE_MODULES = YES;
				CODE_SIGN_ENTITLEMENTS = "icu4c-demo.entitlements";
				CODE_SIGN_STYLE = Automatic;
				DEVELOPMENT_TEAM = 57T55QU8PK;
				ENABLE_PREVIEWS = YES;
				INFOPLIST_FILE = iOS/Info.plist;
				IPHONEOS_DEPLOYMENT_TARGET = 14.0;
				LD_RUNPATH_SEARCH_PATHS = (
					"$(inherited)",
					"@executable_path/Frameworks",
				);
				PRODUCT_BUNDLE_IDENTIFIER = "Pototskiy.icu4c-demo";
				PRODUCT_NAME = "icu4c-demo";
				SDKROOT = iphoneos;
				SUPPORTS_MACCATALYST = YES;
				SWIFT_OBJC_BRIDGING_HEADER = "Shared/icu4c-demo (iOS)-Bridging-Header.h";
				SWIFT_OPTIMIZATION_LEVEL = "-Onone";
				SWIFT_VERSION = 5.0;
				TARGETED_DEVICE_FAMILY = "1,2";
			};
			name = Debug;
		};
		D9590303262ECEB500CC15FA /* Release */ = {
			isa = XCBuildConfiguration;
			buildSettings = {
				ASSETCATALOG_COMPILER_APPICON_NAME = AppIcon;
				ASSETCATALOG_COMPILER_GLOBAL_ACCENT_COLOR_NAME = AccentColor;
				CLANG_ENABLE_MODULES = YES;
				CODE_SIGN_ENTITLEMENTS = "icu4c-demo.entitlements";
				CODE_SIGN_STYLE = Automatic;
				DEVELOPMENT_TEAM = 57T55QU8PK;
				ENABLE_PREVIEWS = YES;
				INFOPLIST_FILE = iOS/Info.plist;
				IPHONEOS_DEPLOYMENT_TARGET = 14.0;
				LD_RUNPATH_SEARCH_PATHS = (
					"$(inherited)",
					"@executable_path/Frameworks",
				);
				PRODUCT_BUNDLE_IDENTIFIER = "Pototskiy.icu4c-demo";
				PRODUCT_NAME = "icu4c-demo";
				SDKROOT = iphoneos;
				SUPPORTS_MACCATALYST = YES;
				SWIFT_OBJC_BRIDGING_HEADER = "Shared/icu4c-demo (iOS)-Bridging-Header.h";
				SWIFT_VERSION = 5.0;
				TARGETED_DEVICE_FAMILY = "1,2";
				VALIDATE_PRODUCT = YES;
			};
			name = Release;
		};
		D9590305262ECEB500CC15FA /* Debug */ = {
			isa = XCBuildConfiguration;
			buildSettings = {
				ASSETCATALOG_COMPILER_APPICON_NAME = AppIcon;
				ASSETCATALOG_COMPILER_GLOBAL_ACCENT_COLOR_NAME = AccentColor;
				CLANG_ENABLE_MODULES = YES;
				CODE_SIGN_ENTITLEMENTS = macOS/macOS.entitlements;
				CODE_SIGN_STYLE = Automatic;
				COMBINE_HIDPI_IMAGES = YES;
				DEVELOPMENT_TEAM = 57T55QU8PK;
				ENABLE_HARDENED_RUNTIME = YES;
				ENABLE_PREVIEWS = YES;
				INFOPLIST_FILE = macOS/Info.plist;
				LD_RUNPATH_SEARCH_PATHS = (
					"$(inherited)",
					"@executable_path/../Frameworks",
				);
				MACOSX_DEPLOYMENT_TARGET = 11.0;
				PRODUCT_BUNDLE_IDENTIFIER = "Pototskiy.icu4c-demo";
				PRODUCT_NAME = "icu4c-demo";
				SDKROOT = macosx;
				SWIFT_OBJC_BRIDGING_HEADER = "Shared/icu4c-demo (macOS)-Bridging-Header.h";
				SWIFT_OPTIMIZATION_LEVEL = "-Onone";
				SWIFT_VERSION = 5.0;
			};
			name = Debug;
		};
		D9590306262ECEB500CC15FA /* Release */ = {
			isa = XCBuildConfiguration;
			buildSettings = {
				ASSETCATALOG_COMPILER_APPICON_NAME = AppIcon;
				ASSETCATALOG_COMPILER_GLOBAL_ACCENT_COLOR_NAME = AccentColor;
				CLANG_ENABLE_MODULES = YES;
				CODE_SIGN_ENTITLEMENTS = macOS/macOS.entitlements;
				CODE_SIGN_STYLE = Automatic;
				COMBINE_HIDPI_IMAGES = YES;
				DEVELOPMENT_TEAM = 57T55QU8PK;
				ENABLE_HARDENED_RUNTIME = YES;
				ENABLE_PREVIEWS = YES;
				INFOPLIST_FILE = macOS/Info.plist;
				LD_RUNPATH_SEARCH_PATHS = (
					"$(inherited)",
					"@executable_path/../Frameworks",
				);
				MACOSX_DEPLOYMENT_TARGET = 11.0;
				PRODUCT_BUNDLE_IDENTIFIER = "Pototskiy.icu4c-demo";
				PRODUCT_NAME = "icu4c-demo";
				SDKROOT = macosx;
				SWIFT_OBJC_BRIDGING_HEADER = "Shared/icu4c-demo (macOS)-Bridging-Header.h";
				SWIFT_VERSION = 5.0;
			};
			name = Release;
		};
		D9590318262ECF7C00CC15FA /* Debug */ = {
			isa = XCBuildConfiguration;
			buildSettings = {
				BUNDLE_LOADER = "$(TEST_HOST)";
				CODE_SIGN_STYLE = Automatic;
				COMBINE_HIDPI_IMAGES = YES;
				DEVELOPMENT_TEAM = 57T55QU8PK;
				INFOPLIST_FILE = "icu4c-demoTests/Info.plist";
				LD_RUNPATH_SEARCH_PATHS = (
					"$(inherited)",
					"@executable_path/../Frameworks",
					"@loader_path/../Frameworks",
				);
				MACOSX_DEPLOYMENT_TARGET = 11.1;
				PRODUCT_BUNDLE_IDENTIFIER = "Pototskiy.icu4c-demoTests";
				PRODUCT_NAME = "$(TARGET_NAME)";
				SDKROOT = macosx;
				SWIFT_VERSION = 5.0;
				TEST_HOST = "$(BUILT_PRODUCTS_DIR)/icu4c-demo.app/Contents/MacOS/icu4c-demo";
			};
			name = Debug;
		};
		D9590319262ECF7C00CC15FA /* Release */ = {
			isa = XCBuildConfiguration;
			buildSettings = {
				BUNDLE_LOADER = "$(TEST_HOST)";
				CODE_SIGN_STYLE = Automatic;
				COMBINE_HIDPI_IMAGES = YES;
				DEVELOPMENT_TEAM = 57T55QU8PK;
				INFOPLIST_FILE = "icu4c-demoTests/Info.plist";
				LD_RUNPATH_SEARCH_PATHS = (
					"$(inherited)",
					"@executable_path/../Frameworks",
					"@loader_path/../Frameworks",
				);
				MACOSX_DEPLOYMENT_TARGET = 11.1;
				PRODUCT_BUNDLE_IDENTIFIER = "Pototskiy.icu4c-demoTests";
				PRODUCT_NAME = "$(TARGET_NAME)";
				SDKROOT = macosx;
				SWIFT_VERSION = 5.0;
				TEST_HOST = "$(BUILT_PRODUCTS_DIR)/icu4c-demo.app/Contents/MacOS/icu4c-demo";
			};
			name = Release;
		};
/* End XCBuildConfiguration section */

/* Begin XCConfigurationList section */
		D95902E4262ECEB200CC15FA /* Build configuration list for PBXProject "icu4c-demo" */ = {
			isa = XCConfigurationList;
			buildConfigurations = (
				D95902FF262ECEB500CC15FA /* Debug */,
				D9590300262ECEB500CC15FA /* Release */,
			);
			defaultConfigurationIsVisible = 0;
			defaultConfigurationName = Release;
		};
		D9590301262ECEB500CC15FA /* Build configuration list for PBXNativeTarget "icu4c-demo (iOS)" */ = {
			isa = XCConfigurationList;
			buildConfigurations = (
				D9590302262ECEB500CC15FA /* Debug */,
				D9590303262ECEB500CC15FA /* Release */,
			);
			defaultConfigurationIsVisible = 0;
			defaultConfigurationName = Release;
		};
		D9590304262ECEB500CC15FA /* Build configuration list for PBXNativeTarget "icu4c-demo (macOS)" */ = {
			isa = XCConfigurationList;
			buildConfigurations = (
				D9590305262ECEB500CC15FA /* Debug */,
				D9590306262ECEB500CC15FA /* Release */,
			);
			defaultConfigurationIsVisible = 0;
			defaultConfigurationName = Release;
		};
		D9590317262ECF7C00CC15FA /* Build configuration list for PBXNativeTarget "icu4c-demoTests" */ = {
			isa = XCConfigurationList;
			buildConfigurations = (
				D9590318262ECF7C00CC15FA /* Debug */,
				D9590319262ECF7C00CC15FA /* Release */,
			);
			defaultConfigurationIsVisible = 0;
			defaultConfigurationName = Release;
		};
/* End XCConfigurationList section */
	};
	rootObject = D95902E1262ECEB200CC15FA /* Project object */;
}
